// !$*UTF8*$!
{
	archiveVersion = 1;
	classes = {
	};
	objectVersion = 50;
	objects = {

/* Begin PBXBuildFile section */
		037551B52618647F0073EE83 /* StockListView.swift in Sources */ = {isa = PBXBuildFile; fileRef = 037551B42618647F0073EE83 /* StockListView.swift */; };
		037551BD261864AE0073EE83 /* OtherView.swift in Sources */ = {isa = PBXBuildFile; fileRef = 037551BC261864AE0073EE83 /* OtherView.swift */; };
		037551DC26186C850073EE83 /* Localizable.strings in Resources */ = {isa = PBXBuildFile; fileRef = 037551DE26186C850073EE83 /* Localizable.strings */; };
		03755208261A6ACB0073EE83 /* Tag+CoreDataClass.swift in Sources */ = {isa = PBXBuildFile; fileRef = 03755202261A6ACB0073EE83 /* Tag+CoreDataClass.swift */; };
		03755209261A6ACB0073EE83 /* Tag+CoreDataProperties.swift in Sources */ = {isa = PBXBuildFile; fileRef = 03755203261A6ACB0073EE83 /* Tag+CoreDataProperties.swift */; };
		0375520A261A6ACB0073EE83 /* StockTagMap+CoreDataClass.swift in Sources */ = {isa = PBXBuildFile; fileRef = 03755204261A6ACB0073EE83 /* StockTagMap+CoreDataClass.swift */; };
		0375520B261A6ACB0073EE83 /* StockTagMap+CoreDataProperties.swift in Sources */ = {isa = PBXBuildFile; fileRef = 03755205261A6ACB0073EE83 /* StockTagMap+CoreDataProperties.swift */; };
		0375520C261A6ACB0073EE83 /* Stock+CoreDataClass.swift in Sources */ = {isa = PBXBuildFile; fileRef = 03755206261A6ACB0073EE83 /* Stock+CoreDataClass.swift */; };
		0375520D261A6ACB0073EE83 /* Stock+CoreDataProperties.swift in Sources */ = {isa = PBXBuildFile; fileRef = 03755207261A6ACB0073EE83 /* Stock+CoreDataProperties.swift */; };
		03755215261A751A0073EE83 /* StockCoreDataModel.swift in Sources */ = {isa = PBXBuildFile; fileRef = 03755214261A751A0073EE83 /* StockCoreDataModel.swift */; };
		03C1803126161C7C0012FF76 /* AppDelegate.swift in Sources */ = {isa = PBXBuildFile; fileRef = 03C1803026161C7C0012FF76 /* AppDelegate.swift */; };
		03C1803326161C7C0012FF76 /* SceneDelegate.swift in Sources */ = {isa = PBXBuildFile; fileRef = 03C1803226161C7C0012FF76 /* SceneDelegate.swift */; };
		03C1803526161C7C0012FF76 /* MainView.swift in Sources */ = {isa = PBXBuildFile; fileRef = 03C1803426161C7C0012FF76 /* MainView.swift */; };
		03C1803826161C7C0012FF76 /* ArticleStocks.xcdatamodeld in Sources */ = {isa = PBXBuildFile; fileRef = 03C1803626161C7C0012FF76 /* ArticleStocks.xcdatamodeld */; };
		03C1803A26161C800012FF76 /* Assets.xcassets in Resources */ = {isa = PBXBuildFile; fileRef = 03C1803926161C800012FF76 /* Assets.xcassets */; };
		03C1803D26161C800012FF76 /* Preview Assets.xcassets in Resources */ = {isa = PBXBuildFile; fileRef = 03C1803C26161C800012FF76 /* Preview Assets.xcassets */; };
		03C1804026161C800012FF76 /* LaunchScreen.storyboard in Resources */ = {isa = PBXBuildFile; fileRef = 03C1803E26161C800012FF76 /* LaunchScreen.storyboard */; };
		03C1804B26161C810012FF76 /* ArticleStocksTests.swift in Sources */ = {isa = PBXBuildFile; fileRef = 03C1804A26161C810012FF76 /* ArticleStocksTests.swift */; };
		03C1805626161C810012FF76 /* ArticleStocksUITests.swift in Sources */ = {isa = PBXBuildFile; fileRef = 03C1805526161C810012FF76 /* ArticleStocksUITests.swift */; };
		03C1807626161F6B0012FF76 /* SplashView.swift in Sources */ = {isa = PBXBuildFile; fileRef = 03C1807526161F6B0012FF76 /* SplashView.swift */; };
/* End PBXBuildFile section */

/* Begin PBXContainerItemProxy section */
		03C1804726161C810012FF76 /* PBXContainerItemProxy */ = {
			isa = PBXContainerItemProxy;
			containerPortal = 03C1802526161C7C0012FF76 /* Project object */;
			proxyType = 1;
			remoteGlobalIDString = 03C1802C26161C7C0012FF76;
			remoteInfo = ArticleStocks;
		};
		03C1805226161C810012FF76 /* PBXContainerItemProxy */ = {
			isa = PBXContainerItemProxy;
			containerPortal = 03C1802526161C7C0012FF76 /* Project object */;
			proxyType = 1;
			remoteGlobalIDString = 03C1802C26161C7C0012FF76;
			remoteInfo = ArticleStocks;
		};
/* End PBXContainerItemProxy section */

/* Begin PBXFileReference section */
		037551B42618647F0073EE83 /* StockListView.swift */ = {isa = PBXFileReference; lastKnownFileType = sourcecode.swift; path = StockListView.swift; sourceTree = "<group>"; };
		037551BC261864AE0073EE83 /* OtherView.swift */ = {isa = PBXFileReference; lastKnownFileType = sourcecode.swift; path = OtherView.swift; sourceTree = "<group>"; };
		037551DD26186C850073EE83 /* en */ = {isa = PBXFileReference; lastKnownFileType = text.plist.strings; name = en; path = ja.lproj/Localizable.strings; sourceTree = "<group>"; };
		03755202261A6ACB0073EE83 /* Tag+CoreDataClass.swift */ = {isa = PBXFileReference; lastKnownFileType = sourcecode.swift; path = "Tag+CoreDataClass.swift"; sourceTree = "<group>"; };
		03755203261A6ACB0073EE83 /* Tag+CoreDataProperties.swift */ = {isa = PBXFileReference; lastKnownFileType = sourcecode.swift; path = "Tag+CoreDataProperties.swift"; sourceTree = "<group>"; };
		03755204261A6ACB0073EE83 /* StockTagMap+CoreDataClass.swift */ = {isa = PBXFileReference; lastKnownFileType = sourcecode.swift; path = "StockTagMap+CoreDataClass.swift"; sourceTree = "<group>"; };
		03755205261A6ACB0073EE83 /* StockTagMap+CoreDataProperties.swift */ = {isa = PBXFileReference; lastKnownFileType = sourcecode.swift; path = "StockTagMap+CoreDataProperties.swift"; sourceTree = "<group>"; };
		03755206261A6ACB0073EE83 /* Stock+CoreDataClass.swift */ = {isa = PBXFileReference; lastKnownFileType = sourcecode.swift; path = "Stock+CoreDataClass.swift"; sourceTree = "<group>"; };
		03755207261A6ACB0073EE83 /* Stock+CoreDataProperties.swift */ = {isa = PBXFileReference; lastKnownFileType = sourcecode.swift; path = "Stock+CoreDataProperties.swift"; sourceTree = "<group>"; };
		03755214261A751A0073EE83 /* StockCoreDataModel.swift */ = {isa = PBXFileReference; lastKnownFileType = sourcecode.swift; path = StockCoreDataModel.swift; sourceTree = "<group>"; };
		03C1802D26161C7C0012FF76 /* ArticleStocks.app */ = {isa = PBXFileReference; explicitFileType = wrapper.application; includeInIndex = 0; path = ArticleStocks.app; sourceTree = BUILT_PRODUCTS_DIR; };
		03C1803026161C7C0012FF76 /* AppDelegate.swift */ = {isa = PBXFileReference; lastKnownFileType = sourcecode.swift; path = AppDelegate.swift; sourceTree = "<group>"; };
		03C1803226161C7C0012FF76 /* SceneDelegate.swift */ = {isa = PBXFileReference; lastKnownFileType = sourcecode.swift; path = SceneDelegate.swift; sourceTree = "<group>"; };
		03C1803426161C7C0012FF76 /* MainView.swift */ = {isa = PBXFileReference; lastKnownFileType = sourcecode.swift; path = MainView.swift; sourceTree = "<group>"; };
		03C1803726161C7C0012FF76 /* ArticleStocks.xcdatamodel */ = {isa = PBXFileReference; lastKnownFileType = wrapper.xcdatamodel; path = ArticleStocks.xcdatamodel; sourceTree = "<group>"; };
		03C1803926161C800012FF76 /* Assets.xcassets */ = {isa = PBXFileReference; lastKnownFileType = folder.assetcatalog; path = Assets.xcassets; sourceTree = "<group>"; };
		03C1803C26161C800012FF76 /* Preview Assets.xcassets */ = {isa = PBXFileReference; lastKnownFileType = folder.assetcatalog; path = "Preview Assets.xcassets"; sourceTree = "<group>"; };
		03C1803F26161C800012FF76 /* Base */ = {isa = PBXFileReference; lastKnownFileType = file.storyboard; name = Base; path = Base.lproj/LaunchScreen.storyboard; sourceTree = "<group>"; };
		03C1804126161C800012FF76 /* Info.plist */ = {isa = PBXFileReference; lastKnownFileType = text.plist.xml; path = Info.plist; sourceTree = "<group>"; };
		03C1804626161C810012FF76 /* ArticleStocksTests.xctest */ = {isa = PBXFileReference; explicitFileType = wrapper.cfbundle; includeInIndex = 0; path = ArticleStocksTests.xctest; sourceTree = BUILT_PRODUCTS_DIR; };
		03C1804A26161C810012FF76 /* ArticleStocksTests.swift */ = {isa = PBXFileReference; lastKnownFileType = sourcecode.swift; path = ArticleStocksTests.swift; sourceTree = "<group>"; };
		03C1804C26161C810012FF76 /* Info.plist */ = {isa = PBXFileReference; lastKnownFileType = text.plist.xml; path = Info.plist; sourceTree = "<group>"; };
		03C1805126161C810012FF76 /* ArticleStocksUITests.xctest */ = {isa = PBXFileReference; explicitFileType = wrapper.cfbundle; includeInIndex = 0; path = ArticleStocksUITests.xctest; sourceTree = BUILT_PRODUCTS_DIR; };
		03C1805526161C810012FF76 /* ArticleStocksUITests.swift */ = {isa = PBXFileReference; lastKnownFileType = sourcecode.swift; path = ArticleStocksUITests.swift; sourceTree = "<group>"; };
		03C1805726161C810012FF76 /* Info.plist */ = {isa = PBXFileReference; lastKnownFileType = text.plist.xml; path = Info.plist; sourceTree = "<group>"; };
		03C1807526161F6B0012FF76 /* SplashView.swift */ = {isa = PBXFileReference; lastKnownFileType = sourcecode.swift; path = SplashView.swift; sourceTree = "<group>"; };
/* End PBXFileReference section */

/* Begin PBXFrameworksBuildPhase section */
		03C1802A26161C7C0012FF76 /* Frameworks */ = {
			isa = PBXFrameworksBuildPhase;
			buildActionMask = 2147483647;
			files = (
			);
			runOnlyForDeploymentPostprocessing = 0;
		};
		03C1804326161C810012FF76 /* Frameworks */ = {
			isa = PBXFrameworksBuildPhase;
			buildActionMask = 2147483647;
			files = (
			);
			runOnlyForDeploymentPostprocessing = 0;
		};
		03C1804E26161C810012FF76 /* Frameworks */ = {
			isa = PBXFrameworksBuildPhase;
			buildActionMask = 2147483647;
			files = (
			);
			runOnlyForDeploymentPostprocessing = 0;
		};
/* End PBXFrameworksBuildPhase section */

/* Begin PBXGroup section */
		03755201261A6A990073EE83 /* CoreDataModel */ = {
			isa = PBXGroup;
			children = (
				03755202261A6ACB0073EE83 /* Tag+CoreDataClass.swift */,
				03755203261A6ACB0073EE83 /* Tag+CoreDataProperties.swift */,
				03755204261A6ACB0073EE83 /* StockTagMap+CoreDataClass.swift */,
				03755205261A6ACB0073EE83 /* StockTagMap+CoreDataProperties.swift */,
				03755206261A6ACB0073EE83 /* Stock+CoreDataClass.swift */,
				03755207261A6ACB0073EE83 /* Stock+CoreDataProperties.swift */,
				03755214261A751A0073EE83 /* StockCoreDataModel.swift */,
			);
			path = CoreDataModel;
			sourceTree = "<group>";
		};
		03C1802426161C7C0012FF76 = {
			isa = PBXGroup;
			children = (
				03C1802F26161C7C0012FF76 /* ArticleStocks */,
				03C1804926161C810012FF76 /* ArticleStocksTests */,
				03C1805426161C810012FF76 /* ArticleStocksUITests */,
				03C1802E26161C7C0012FF76 /* Products */,
			);
			sourceTree = "<group>";
		};
		03C1802E26161C7C0012FF76 /* Products */ = {
			isa = PBXGroup;
			children = (
				03C1802D26161C7C0012FF76 /* ArticleStocks.app */,
				03C1804626161C810012FF76 /* ArticleStocksTests.xctest */,
				03C1805126161C810012FF76 /* ArticleStocksUITests.xctest */,
			);
			name = Products;
			sourceTree = "<group>";
		};
		03C1802F26161C7C0012FF76 /* ArticleStocks */ = {
			isa = PBXGroup;
			children = (
				03755201261A6A990073EE83 /* CoreDataModel */,
				03C1806926161DC40012FF76 /* Utils */,
				03C1806826161DB90012FF76 /* Resource */,
				03C1806726161DA10012FF76 /* View */,
				03C1806626161D7F0012FF76 /* Model */,
				03C1803026161C7C0012FF76 /* AppDelegate.swift */,
				03C1803226161C7C0012FF76 /* SceneDelegate.swift */,
				03C1803E26161C800012FF76 /* LaunchScreen.storyboard */,
				03C1804126161C800012FF76 /* Info.plist */,
				03C1803626161C7C0012FF76 /* ArticleStocks.xcdatamodeld */,
				03C1803B26161C800012FF76 /* Preview Content */,
			);
			path = ArticleStocks;
			sourceTree = "<group>";
		};
		03C1803B26161C800012FF76 /* Preview Content */ = {
			isa = PBXGroup;
			children = (
				03C1803C26161C800012FF76 /* Preview Assets.xcassets */,
			);
			path = "Preview Content";
			sourceTree = "<group>";
		};
		03C1804926161C810012FF76 /* ArticleStocksTests */ = {
			isa = PBXGroup;
			children = (
				03C1804A26161C810012FF76 /* ArticleStocksTests.swift */,
				03C1804C26161C810012FF76 /* Info.plist */,
			);
			path = ArticleStocksTests;
			sourceTree = "<group>";
		};
		03C1805426161C810012FF76 /* ArticleStocksUITests */ = {
			isa = PBXGroup;
			children = (
				03C1805526161C810012FF76 /* ArticleStocksUITests.swift */,
				03C1805726161C810012FF76 /* Info.plist */,
			);
			path = ArticleStocksUITests;
			sourceTree = "<group>";
		};
		03C1806626161D7F0012FF76 /* Model */ = {
			isa = PBXGroup;
			children = (
			);
			path = Model;
			sourceTree = "<group>";
		};
		03C1806726161DA10012FF76 /* View */ = {
			isa = PBXGroup;
			children = (
				03C1803426161C7C0012FF76 /* MainView.swift */,
				03C1807526161F6B0012FF76 /* SplashView.swift */,
				037551B42618647F0073EE83 /* StockListView.swift */,
				037551BC261864AE0073EE83 /* OtherView.swift */,
			);
			path = View;
			sourceTree = "<group>";
		};
		03C1806826161DB90012FF76 /* Resource */ = {
			isa = PBXGroup;
			children = (
				03C1803926161C800012FF76 /* Assets.xcassets */,
				037551DE26186C850073EE83 /* Localizable.strings */,
			);
			path = Resource;
			sourceTree = "<group>";
		};
		03C1806926161DC40012FF76 /* Utils */ = {
			isa = PBXGroup;
			children = (
			);
			path = Utils;
			sourceTree = "<group>";
		};
/* End PBXGroup section */

/* Begin PBXNativeTarget section */
		03C1802C26161C7C0012FF76 /* ArticleStocks */ = {
			isa = PBXNativeTarget;
			buildConfigurationList = 03C1805A26161C810012FF76 /* Build configuration list for PBXNativeTarget "ArticleStocks" */;
			buildPhases = (
				03C1802926161C7C0012FF76 /* Sources */,
				03C1802A26161C7C0012FF76 /* Frameworks */,
				03C1802B26161C7C0012FF76 /* Resources */,
			);
			buildRules = (
			);
			dependencies = (
			);
			name = ArticleStocks;
			productName = ArticleStocks;
			productReference = 03C1802D26161C7C0012FF76 /* ArticleStocks.app */;
			productType = "com.apple.product-type.application";
		};
		03C1804526161C810012FF76 /* ArticleStocksTests */ = {
			isa = PBXNativeTarget;
			buildConfigurationList = 03C1805D26161C810012FF76 /* Build configuration list for PBXNativeTarget "ArticleStocksTests" */;
			buildPhases = (
				03C1804226161C810012FF76 /* Sources */,
				03C1804326161C810012FF76 /* Frameworks */,
				03C1804426161C810012FF76 /* Resources */,
			);
			buildRules = (
			);
			dependencies = (
				03C1804826161C810012FF76 /* PBXTargetDependency */,
			);
			name = ArticleStocksTests;
			productName = ArticleStocksTests;
			productReference = 03C1804626161C810012FF76 /* ArticleStocksTests.xctest */;
			productType = "com.apple.product-type.bundle.unit-test";
		};
		03C1805026161C810012FF76 /* ArticleStocksUITests */ = {
			isa = PBXNativeTarget;
			buildConfigurationList = 03C1806026161C810012FF76 /* Build configuration list for PBXNativeTarget "ArticleStocksUITests" */;
			buildPhases = (
				03C1804D26161C810012FF76 /* Sources */,
				03C1804E26161C810012FF76 /* Frameworks */,
				03C1804F26161C810012FF76 /* Resources */,
			);
			buildRules = (
			);
			dependencies = (
				03C1805326161C810012FF76 /* PBXTargetDependency */,
			);
			name = ArticleStocksUITests;
			productName = ArticleStocksUITests;
			productReference = 03C1805126161C810012FF76 /* ArticleStocksUITests.xctest */;
			productType = "com.apple.product-type.bundle.ui-testing";
		};
/* End PBXNativeTarget section */

/* Begin PBXProject section */
		03C1802526161C7C0012FF76 /* Project object */ = {
			isa = PBXProject;
			attributes = {
				LastSwiftUpdateCheck = 1220;
				LastUpgradeCheck = 1220;
				TargetAttributes = {
					03C1802C26161C7C0012FF76 = {
						CreatedOnToolsVersion = 12.2;
					};
					03C1804526161C810012FF76 = {
						CreatedOnToolsVersion = 12.2;
						TestTargetID = 03C1802C26161C7C0012FF76;
					};
					03C1805026161C810012FF76 = {
						CreatedOnToolsVersion = 12.2;
						TestTargetID = 03C1802C26161C7C0012FF76;
					};
				};
			};
			buildConfigurationList = 03C1802826161C7C0012FF76 /* Build configuration list for PBXProject "ArticleStocks" */;
			compatibilityVersion = "Xcode 9.3";
			developmentRegion = en;
			hasScannedForEncodings = 0;
			knownRegions = (
				en,
				Base,
				ja,
			);
			mainGroup = 03C1802426161C7C0012FF76;
			productRefGroup = 03C1802E26161C7C0012FF76 /* Products */;
			projectDirPath = "";
			projectRoot = "";
			targets = (
				03C1802C26161C7C0012FF76 /* ArticleStocks */,
				03C1804526161C810012FF76 /* ArticleStocksTests */,
				03C1805026161C810012FF76 /* ArticleStocksUITests */,
			);
		};
/* End PBXProject section */

/* Begin PBXResourcesBuildPhase section */
		03C1802B26161C7C0012FF76 /* Resources */ = {
			isa = PBXResourcesBuildPhase;
			buildActionMask = 2147483647;
			files = (
				03C1804026161C800012FF76 /* LaunchScreen.storyboard in Resources */,
				037551DC26186C850073EE83 /* Localizable.strings in Resources */,
				03C1803D26161C800012FF76 /* Preview Assets.xcassets in Resources */,
				03C1803A26161C800012FF76 /* Assets.xcassets in Resources */,
			);
			runOnlyForDeploymentPostprocessing = 0;
		};
		03C1804426161C810012FF76 /* Resources */ = {
			isa = PBXResourcesBuildPhase;
			buildActionMask = 2147483647;
			files = (
			);
			runOnlyForDeploymentPostprocessing = 0;
		};
		03C1804F26161C810012FF76 /* Resources */ = {
			isa = PBXResourcesBuildPhase;
			buildActionMask = 2147483647;
			files = (
			);
			runOnlyForDeploymentPostprocessing = 0;
		};
/* End PBXResourcesBuildPhase section */

/* Begin PBXSourcesBuildPhase section */
		03C1802926161C7C0012FF76 /* Sources */ = {
			isa = PBXSourcesBuildPhase;
			buildActionMask = 2147483647;
			files = (
				03C1803126161C7C0012FF76 /* AppDelegate.swift in Sources */,
				0375520D261A6ACB0073EE83 /* Stock+CoreDataProperties.swift in Sources */,
				03C1803826161C7C0012FF76 /* ArticleStocks.xcdatamodeld in Sources */,
				03755208261A6ACB0073EE83 /* Tag+CoreDataClass.swift in Sources */,
				03C1807626161F6B0012FF76 /* SplashView.swift in Sources */,
				037551B52618647F0073EE83 /* StockListView.swift in Sources */,
				037551BD261864AE0073EE83 /* OtherView.swift in Sources */,
				03C1803326161C7C0012FF76 /* SceneDelegate.swift in Sources */,
				03C1803526161C7C0012FF76 /* MainView.swift in Sources */,
				03755215261A751A0073EE83 /* StockCoreDataModel.swift in Sources */,
				0375520C261A6ACB0073EE83 /* Stock+CoreDataClass.swift in Sources */,
				0375520B261A6ACB0073EE83 /* StockTagMap+CoreDataProperties.swift in Sources */,
				0375520A261A6ACB0073EE83 /* StockTagMap+CoreDataClass.swift in Sources */,
				03755209261A6ACB0073EE83 /* Tag+CoreDataProperties.swift in Sources */,
			);
			runOnlyForDeploymentPostprocessing = 0;
		};
		03C1804226161C810012FF76 /* Sources */ = {
			isa = PBXSourcesBuildPhase;
			buildActionMask = 2147483647;
			files = (
				03C1804B26161C810012FF76 /* ArticleStocksTests.swift in Sources */,
			);
			runOnlyForDeploymentPostprocessing = 0;
		};
		03C1804D26161C810012FF76 /* Sources */ = {
			isa = PBXSourcesBuildPhase;
			buildActionMask = 2147483647;
			files = (
				03C1805626161C810012FF76 /* ArticleStocksUITests.swift in Sources */,
			);
			runOnlyForDeploymentPostprocessing = 0;
		};
/* End PBXSourcesBuildPhase section */

/* Begin PBXTargetDependency section */
		03C1804826161C810012FF76 /* PBXTargetDependency */ = {
			isa = PBXTargetDependency;
			target = 03C1802C26161C7C0012FF76 /* ArticleStocks */;
			targetProxy = 03C1804726161C810012FF76 /* PBXContainerItemProxy */;
		};
		03C1805326161C810012FF76 /* PBXTargetDependency */ = {
			isa = PBXTargetDependency;
			target = 03C1802C26161C7C0012FF76 /* ArticleStocks */;
			targetProxy = 03C1805226161C810012FF76 /* PBXContainerItemProxy */;
		};
/* End PBXTargetDependency section */

/* Begin PBXVariantGroup section */
		037551DE26186C850073EE83 /* Localizable.strings */ = {
			isa = PBXVariantGroup;
			children = (
				037551DD26186C850073EE83 /* en */,
			);
			name = Localizable.strings;
			sourceTree = "<group>";
		};
		03C1803E26161C800012FF76 /* LaunchScreen.storyboard */ = {
			isa = PBXVariantGroup;
			children = (
				03C1803F26161C800012FF76 /* Base */,
			);
			name = LaunchScreen.storyboard;
			sourceTree = "<group>";
		};
/* End PBXVariantGroup section */

/* Begin XCBuildConfiguration section */
		03C1805826161C810012FF76 /* Debug */ = {
			isa = XCBuildConfiguration;
			buildSettings = {
				ALWAYS_SEARCH_USER_PATHS = NO;
				CLANG_ANALYZER_LOCALIZABILITY_NONLOCALIZED = YES;
				CLANG_ANALYZER_NONNULL = YES;
				CLANG_ANALYZER_NUMBER_OBJECT_CONVERSION = YES_AGGRESSIVE;
				CLANG_CXX_LANGUAGE_STANDARD = "gnu++14";
				CLANG_CXX_LIBRARY = "libc++";
				CLANG_ENABLE_MODULES = YES;
				CLANG_ENABLE_OBJC_ARC = YES;
				CLANG_ENABLE_OBJC_WEAK = YES;
				CLANG_WARN_BLOCK_CAPTURE_AUTORELEASING = YES;
				CLANG_WARN_BOOL_CONVERSION = YES;
				CLANG_WARN_COMMA = YES;
				CLANG_WARN_CONSTANT_CONVERSION = YES;
				CLANG_WARN_DEPRECATED_OBJC_IMPLEMENTATIONS = YES;
				CLANG_WARN_DIRECT_OBJC_ISA_USAGE = YES_ERROR;
				CLANG_WARN_DOCUMENTATION_COMMENTS = YES;
				CLANG_WARN_EMPTY_BODY = YES;
				CLANG_WARN_ENUM_CONVERSION = YES;
				CLANG_WARN_INFINITE_RECURSION = YES;
				CLANG_WARN_INT_CONVERSION = YES;
				CLANG_WARN_NON_LITERAL_NULL_CONVERSION = YES;
				CLANG_WARN_OBJC_IMPLICIT_RETAIN_SELF = YES;
				CLANG_WARN_OBJC_LITERAL_CONVERSION = YES;
				CLANG_WARN_OBJC_ROOT_CLASS = YES_ERROR;
				CLANG_WARN_QUOTED_INCLUDE_IN_FRAMEWORK_HEADER = YES;
				CLANG_WARN_RANGE_LOOP_ANALYSIS = YES;
				CLANG_WARN_STRICT_PROTOTYPES = YES;
				CLANG_WARN_SUSPICIOUS_MOVE = YES;
				CLANG_WARN_UNGUARDED_AVAILABILITY = YES_AGGRESSIVE;
				CLANG_WARN_UNREACHABLE_CODE = YES;
				CLANG_WARN__DUPLICATE_METHOD_MATCH = YES;
				COPY_PHASE_STRIP = NO;
				DEBUG_INFORMATION_FORMAT = dwarf;
				ENABLE_STRICT_OBJC_MSGSEND = YES;
				ENABLE_TESTABILITY = YES;
				GCC_C_LANGUAGE_STANDARD = gnu11;
				GCC_DYNAMIC_NO_PIC = NO;
				GCC_NO_COMMON_BLOCKS = YES;
				GCC_OPTIMIZATION_LEVEL = 0;
				GCC_PREPROCESSOR_DEFINITIONS = (
					"DEBUG=1",
					"$(inherited)",
				);
				GCC_WARN_64_TO_32_BIT_CONVERSION = YES;
				GCC_WARN_ABOUT_RETURN_TYPE = YES_ERROR;
				GCC_WARN_UNDECLARED_SELECTOR = YES;
				GCC_WARN_UNINITIALIZED_AUTOS = YES_AGGRESSIVE;
				GCC_WARN_UNUSED_FUNCTION = YES;
				GCC_WARN_UNUSED_VARIABLE = YES;
				IPHONEOS_DEPLOYMENT_TARGET = 14.2;
				MTL_ENABLE_DEBUG_INFO = INCLUDE_SOURCE;
				MTL_FAST_MATH = YES;
				ONLY_ACTIVE_ARCH = YES;
				SDKROOT = iphoneos;
				SWIFT_ACTIVE_COMPILATION_CONDITIONS = DEBUG;
				SWIFT_OPTIMIZATION_LEVEL = "-Onone";
			};
			name = Debug;
		};
		03C1805926161C810012FF76 /* Release */ = {
			isa = XCBuildConfiguration;
			buildSettings = {
				ALWAYS_SEARCH_USER_PATHS = NO;
				CLANG_ANALYZER_LOCALIZABILITY_NONLOCALIZED = YES;
				CLANG_ANALYZER_NONNULL = YES;
				CLANG_ANALYZER_NUMBER_OBJECT_CONVERSION = YES_AGGRESSIVE;
				CLANG_CXX_LANGUAGE_STANDARD = "gnu++14";
				CLANG_CXX_LIBRARY = "libc++";
				CLANG_ENABLE_MODULES = YES;
				CLANG_ENABLE_OBJC_ARC = YES;
				CLANG_ENABLE_OBJC_WEAK = YES;
				CLANG_WARN_BLOCK_CAPTURE_AUTORELEASING = YES;
				CLANG_WARN_BOOL_CONVERSION = YES;
				CLANG_WARN_COMMA = YES;
				CLANG_WARN_CONSTANT_CONVERSION = YES;
				CLANG_WARN_DEPRECATED_OBJC_IMPLEMENTATIONS = YES;
				CLANG_WARN_DIRECT_OBJC_ISA_USAGE = YES_ERROR;
				CLANG_WARN_DOCUMENTATION_COMMENTS = YES;
				CLANG_WARN_EMPTY_BODY = YES;
				CLANG_WARN_ENUM_CONVERSION = YES;
				CLANG_WARN_INFINITE_RECURSION = YES;
				CLANG_WARN_INT_CONVERSION = YES;
				CLANG_WARN_NON_LITERAL_NULL_CONVERSION = YES;
				CLANG_WARN_OBJC_IMPLICIT_RETAIN_SELF = YES;
				CLANG_WARN_OBJC_LITERAL_CONVERSION = YES;
				CLANG_WARN_OBJC_ROOT_CLASS = YES_ERROR;
				CLANG_WARN_QUOTED_INCLUDE_IN_FRAMEWORK_HEADER = YES;
				CLANG_WARN_RANGE_LOOP_ANALYSIS = YES;
				CLANG_WARN_STRICT_PROTOTYPES = YES;
				CLANG_WARN_SUSPICIOUS_MOVE = YES;
				CLANG_WARN_UNGUARDED_AVAILABILITY = YES_AGGRESSIVE;
				CLANG_WARN_UNREACHABLE_CODE = YES;
				CLANG_WARN__DUPLICATE_METHOD_MATCH = YES;
				COPY_PHASE_STRIP = NO;
				DEBUG_INFORMATION_FORMAT = "dwarf-with-dsym";
				ENABLE_NS_ASSERTIONS = NO;
				ENABLE_STRICT_OBJC_MSGSEND = YES;
				GCC_C_LANGUAGE_STANDARD = gnu11;
				GCC_NO_COMMON_BLOCKS = YES;
				GCC_WARN_64_TO_32_BIT_CONVERSION = YES;
				GCC_WARN_ABOUT_RETURN_TYPE = YES_ERROR;
				GCC_WARN_UNDECLARED_SELECTOR = YES;
				GCC_WARN_UNINITIALIZED_AUTOS = YES_AGGRESSIVE;
				GCC_WARN_UNUSED_FUNCTION = YES;
				GCC_WARN_UNUSED_VARIABLE = YES;
				IPHONEOS_DEPLOYMENT_TARGET = 14.2;
				MTL_ENABLE_DEBUG_INFO = NO;
				MTL_FAST_MATH = YES;
				SDKROOT = iphoneos;
				SWIFT_COMPILATION_MODE = wholemodule;
				SWIFT_OPTIMIZATION_LEVEL = "-O";
				VALIDATE_PRODUCT = YES;
			};
			name = Release;
		};
		03C1805B26161C810012FF76 /* Debug */ = {
			isa = XCBuildConfiguration;
			buildSettings = {
				ASSETCATALOG_COMPILER_APPICON_NAME = AppIcon;
				ASSETCATALOG_COMPILER_GLOBAL_ACCENT_COLOR_NAME = AccentColor;
				CODE_SIGN_STYLE = Automatic;
				DEVELOPMENT_ASSET_PATHS = "\"ArticleStocks/Preview Content\"";
				DEVELOPMENT_TEAM = PPLG2268AY;
				ENABLE_PREVIEWS = YES;
				INFOPLIST_FILE = ArticleStocks/Info.plist;
				LD_RUNPATH_SEARCH_PATHS = (
					"$(inherited)",
					"@executable_path/Frameworks",
				);
				PRODUCT_BUNDLE_IDENTIFIER = com.article.stock.ArticleStocks;
				PRODUCT_NAME = "$(TARGET_NAME)";
				SWIFT_VERSION = 5.0;
				TARGETED_DEVICE_FAMILY = "1,2";
			};
			name = Debug;
		};
		03C1805C26161C810012FF76 /* Release */ = {
			isa = XCBuildConfiguration;
			buildSettings = {
				ASSETCATALOG_COMPILER_APPICON_NAME = AppIcon;
				ASSETCATALOG_COMPILER_GLOBAL_ACCENT_COLOR_NAME = AccentColor;
				CODE_SIGN_STYLE = Automatic;
				DEVELOPMENT_ASSET_PATHS = "\"ArticleStocks/Preview Content\"";
				DEVELOPMENT_TEAM = PPLG2268AY;
				ENABLE_PREVIEWS = YES;
				INFOPLIST_FILE = ArticleStocks/Info.plist;
				LD_RUNPATH_SEARCH_PATHS = (
					"$(inherited)",
					"@executable_path/Frameworks",
				);
				PRODUCT_BUNDLE_IDENTIFIER = com.article.stock.ArticleStocks;
				PRODUCT_NAME = "$(TARGET_NAME)";
				SWIFT_VERSION = 5.0;
				TARGETED_DEVICE_FAMILY = "1,2";
			};
			name = Release;
		};
		03C1805E26161C810012FF76 /* Debug */ = {
			isa = XCBuildConfiguration;
			buildSettings = {
				ALWAYS_EMBED_SWIFT_STANDARD_LIBRARIES = YES;
				BUNDLE_LOADER = "$(TEST_HOST)";
				CODE_SIGN_STYLE = Automatic;
				DEVELOPMENT_TEAM = PPLG2268AY;
				INFOPLIST_FILE = ArticleStocksTests/Info.plist;
				IPHONEOS_DEPLOYMENT_TARGET = 14.2;
				LD_RUNPATH_SEARCH_PATHS = (
					"$(inherited)",
					"@executable_path/Frameworks",
					"@loader_path/Frameworks",
				);
				PRODUCT_BUNDLE_IDENTIFIER = com.article.stock.ArticleStocksTests;
				PRODUCT_NAME = "$(TARGET_NAME)";
				SWIFT_VERSION = 5.0;
				TARGETED_DEVICE_FAMILY = "1,2";
				TEST_HOST = "$(BUILT_PRODUCTS_DIR)/ArticleStocks.app/ArticleStocks";
			};
			name = Debug;
		};
		03C1805F26161C810012FF76 /* Release */ = {
			isa = XCBuildConfiguration;
			buildSettings = {
				ALWAYS_EMBED_SWIFT_STANDARD_LIBRARIES = YES;
				BUNDLE_LOADER = "$(TEST_HOST)";
				CODE_SIGN_STYLE = Automatic;
				DEVELOPMENT_TEAM = PPLG2268AY;
				INFOPLIST_FILE = ArticleStocksTests/Info.plist;
				IPHONEOS_DEPLOYMENT_TARGET = 14.2;
				LD_RUNPATH_SEARCH_PATHS = (
					"$(inherited)",
					"@executable_path/Frameworks",
					"@loader_path/Frameworks",
				);
				PRODUCT_BUNDLE_IDENTIFIER = com.article.stock.ArticleStocksTests;
				PRODUCT_NAME = "$(TARGET_NAME)";
				SWIFT_VERSION = 5.0;
				TARGETED_DEVICE_FAMILY = "1,2";
				TEST_HOST = "$(BUILT_PRODUCTS_DIR)/ArticleStocks.app/ArticleStocks";
			};
			name = Release;
		};
		03C1806126161C810012FF76 /* Debug */ = {
			isa = XCBuildConfiguration;
			buildSettings = {
				ALWAYS_EMBED_SWIFT_STANDARD_LIBRARIES = YES;
				CODE_SIGN_STYLE = Automatic;
				DEVELOPMENT_TEAM = PPLG2268AY;
				INFOPLIST_FILE = ArticleStocksUITests/Info.plist;
				LD_RUNPATH_SEARCH_PATHS = (
					"$(inherited)",
					"@executable_path/Frameworks",
					"@loader_path/Frameworks",
				);
				PRODUCT_BUNDLE_IDENTIFIER = com.article.stock.ArticleStocksUITests;
				PRODUCT_NAME = "$(TARGET_NAME)";
				SWIFT_VERSION = 5.0;
				TARGETED_DEVICE_FAMILY = "1,2";
				TEST_TARGET_NAME = ArticleStocks;
			};
			name = Debug;
		};
		03C1806226161C810012FF76 /* Release */ = {
			isa = XCBuildConfiguration;
			buildSettings = {
				ALWAYS_EMBED_SWIFT_STANDARD_LIBRARIES = YES;
				CODE_SIGN_STYLE = Automatic;
				DEVELOPMENT_TEAM = PPLG2268AY;
				INFOPLIST_FILE = ArticleStocksUITests/Info.plist;
				LD_RUNPATH_SEARCH_PATHS = (
					"$(inherited)",
					"@executable_path/Frameworks",
					"@loader_path/Frameworks",
				);
				PRODUCT_BUNDLE_IDENTIFIER = com.article.stock.ArticleStocksUITests;
				PRODUCT_NAME = "$(TARGET_NAME)";
				SWIFT_VERSION = 5.0;
				TARGETED_DEVICE_FAMILY = "1,2";
				TEST_TARGET_NAME = ArticleStocks;
			};
			name = Release;
		};
/* End XCBuildConfiguration section */

/* Begin XCConfigurationList section */
		03C1802826161C7C0012FF76 /* Build configuration list for PBXProject "ArticleStocks" */ = {
			isa = XCConfigurationList;
			buildConfigurations = (
				03C1805826161C810012FF76 /* Debug */,
				03C1805926161C810012FF76 /* Release */,
			);
			defaultConfigurationIsVisible = 0;
			defaultConfigurationName = Release;
		};
		03C1805A26161C810012FF76 /* Build configuration list for PBXNativeTarget "ArticleStocks" */ = {
			isa = XCConfigurationList;
			buildConfigurations = (
				03C1805B26161C810012FF76 /* Debug */,
				03C1805C26161C810012FF76 /* Release */,
			);
			defaultConfigurationIsVisible = 0;
			defaultConfigurationName = Release;
		};
		03C1805D26161C810012FF76 /* Build configuration list for PBXNativeTarget "ArticleStocksTests" */ = {
			isa = XCConfigurationList;
			buildConfigurations = (
				03C1805E26161C810012FF76 /* Debug */,
				03C1805F26161C810012FF76 /* Release */,
			);
			defaultConfigurationIsVisible = 0;
			defaultConfigurationName = Release;
		};
		03C1806026161C810012FF76 /* Build configuration list for PBXNativeTarget "ArticleStocksUITests" */ = {
			isa = XCConfigurationList;
			buildConfigurations = (
				03C1806126161C810012FF76 /* Debug */,
				03C1806226161C810012FF76 /* Release */,
			);
			defaultConfigurationIsVisible = 0;
			defaultConfigurationName = Release;
		};
/* End XCConfigurationList section */

/* Begin XCVersionGroup section */
		03C1803626161C7C0012FF76 /* ArticleStocks.xcdatamodeld */ = {
			isa = XCVersionGroup;
			children = (
				03C1803726161C7C0012FF76 /* ArticleStocks.xcdatamodel */,
			);
			currentVersion = 03C1803726161C7C0012FF76 /* ArticleStocks.xcdatamodel */;
			path = ArticleStocks.xcdatamodeld;
			sourceTree = "<group>";
			versionGroupType = wrapper.xcdatamodel;
		};
/* End XCVersionGroup section */
	};
	rootObject = 03C1802526161C7C0012FF76 /* Project object */;
}
