// !$*UTF8*$!
{
	archiveVersion = 1;
	classes = {
	};
	objectVersion = 50;
	objects = {

/* Begin PBXBuildFile section */
		03C17F9B2614D7550012FF76 /* ArticleStocksApp.swift in Sources */ = {isa = PBXBuildFile; fileRef = 03C17F9A2614D7550012FF76 /* ArticleStocksApp.swift */; };
		03C17F9D2614D7550012FF76 /* ContentView.swift in Sources */ = {isa = PBXBuildFile; fileRef = 03C17F9C2614D7550012FF76 /* ContentView.swift */; };
		03C17F9F2614D7590012FF76 /* Assets.xcassets in Resources */ = {isa = PBXBuildFile; fileRef = 03C17F9E2614D7590012FF76 /* Assets.xcassets */; };
		03C17FA22614D7590012FF76 /* Preview Assets.xcassets in Resources */ = {isa = PBXBuildFile; fileRef = 03C17FA12614D7590012FF76 /* Preview Assets.xcassets */; };
		03C17FA42614D7590012FF76 /* Persistence.swift in Sources */ = {isa = PBXBuildFile; fileRef = 03C17FA32614D7590012FF76 /* Persistence.swift */; };
		03C17FA72614D7590012FF76 /* ArticleStocks.xcdatamodeld in Sources */ = {isa = PBXBuildFile; fileRef = 03C17FA52614D7590012FF76 /* ArticleStocks.xcdatamodeld */; };
		03C17FB22614D7590012FF76 /* ArticleStocksTests.swift in Sources */ = {isa = PBXBuildFile; fileRef = 03C17FB12614D7590012FF76 /* ArticleStocksTests.swift */; };
		03C17FBD2614D75A0012FF76 /* ArticleStocksUITests.swift in Sources */ = {isa = PBXBuildFile; fileRef = 03C17FBC2614D75A0012FF76 /* ArticleStocksUITests.swift */; };
/* End PBXBuildFile section */

/* Begin PBXContainerItemProxy section */
		03C17FAE2614D7590012FF76 /* PBXContainerItemProxy */ = {
			isa = PBXContainerItemProxy;
			containerPortal = 03C17F8F2614D7550012FF76 /* Project object */;
			proxyType = 1;
			remoteGlobalIDString = 03C17F962614D7550012FF76;
			remoteInfo = ArticleStocks;
		};
		03C17FB92614D75A0012FF76 /* PBXContainerItemProxy */ = {
			isa = PBXContainerItemProxy;
			containerPortal = 03C17F8F2614D7550012FF76 /* Project object */;
			proxyType = 1;
			remoteGlobalIDString = 03C17F962614D7550012FF76;
			remoteInfo = ArticleStocks;
		};
/* End PBXContainerItemProxy section */

/* Begin PBXFileReference section */
		03C17F972614D7550012FF76 /* ArticleStocks.app */ = {isa = PBXFileReference; explicitFileType = wrapper.application; includeInIndex = 0; path = ArticleStocks.app; sourceTree = BUILT_PRODUCTS_DIR; };
		03C17F9A2614D7550012FF76 /* ArticleStocksApp.swift */ = {isa = PBXFileReference; lastKnownFileType = sourcecode.swift; path = ArticleStocksApp.swift; sourceTree = "<group>"; };
		03C17F9C2614D7550012FF76 /* ContentView.swift */ = {isa = PBXFileReference; lastKnownFileType = sourcecode.swift; path = ContentView.swift; sourceTree = "<group>"; };
		03C17F9E2614D7590012FF76 /* Assets.xcassets */ = {isa = PBXFileReference; lastKnownFileType = folder.assetcatalog; path = Assets.xcassets; sourceTree = "<group>"; };
		03C17FA12614D7590012FF76 /* Preview Assets.xcassets */ = {isa = PBXFileReference; lastKnownFileType = folder.assetcatalog; path = "Preview Assets.xcassets"; sourceTree = "<group>"; };
		03C17FA32614D7590012FF76 /* Persistence.swift */ = {isa = PBXFileReference; lastKnownFileType = sourcecode.swift; path = Persistence.swift; sourceTree = "<group>"; };
		03C17FA62614D7590012FF76 /* ArticleStocks.xcdatamodel */ = {isa = PBXFileReference; lastKnownFileType = wrapper.xcdatamodel; path = ArticleStocks.xcdatamodel; sourceTree = "<group>"; };
		03C17FA82614D7590012FF76 /* Info.plist */ = {isa = PBXFileReference; lastKnownFileType = text.plist.xml; path = Info.plist; sourceTree = "<group>"; };
		03C17FAD2614D7590012FF76 /* ArticleStocksTests.xctest */ = {isa = PBXFileReference; explicitFileType = wrapper.cfbundle; includeInIndex = 0; path = ArticleStocksTests.xctest; sourceTree = BUILT_PRODUCTS_DIR; };
		03C17FB12614D7590012FF76 /* ArticleStocksTests.swift */ = {isa = PBXFileReference; lastKnownFileType = sourcecode.swift; path = ArticleStocksTests.swift; sourceTree = "<group>"; };
		03C17FB32614D7590012FF76 /* Info.plist */ = {isa = PBXFileReference; lastKnownFileType = text.plist.xml; path = Info.plist; sourceTree = "<group>"; };
		03C17FB82614D75A0012FF76 /* ArticleStocksUITests.xctest */ = {isa = PBXFileReference; explicitFileType = wrapper.cfbundle; includeInIndex = 0; path = ArticleStocksUITests.xctest; sourceTree = BUILT_PRODUCTS_DIR; };
		03C17FBC2614D75A0012FF76 /* ArticleStocksUITests.swift */ = {isa = PBXFileReference; lastKnownFileType = sourcecode.swift; path = ArticleStocksUITests.swift; sourceTree = "<group>"; };
		03C17FBE2614D75A0012FF76 /* Info.plist */ = {isa = PBXFileReference; lastKnownFileType = text.plist.xml; path = Info.plist; sourceTree = "<group>"; };
/* End PBXFileReference section */

/* Begin PBXFrameworksBuildPhase section */
		03C17F942614D7550012FF76 /* Frameworks */ = {
			isa = PBXFrameworksBuildPhase;
			buildActionMask = 2147483647;
			files = (
			);
			runOnlyForDeploymentPostprocessing = 0;
		};
		03C17FAA2614D7590012FF76 /* Frameworks */ = {
			isa = PBXFrameworksBuildPhase;
			buildActionMask = 2147483647;
			files = (
			);
			runOnlyForDeploymentPostprocessing = 0;
		};
		03C17FB52614D75A0012FF76 /* Frameworks */ = {
			isa = PBXFrameworksBuildPhase;
			buildActionMask = 2147483647;
			files = (
			);
			runOnlyForDeploymentPostprocessing = 0;
		};
/* End PBXFrameworksBuildPhase section */

/* Begin PBXGroup section */
		03C17F8E2614D7550012FF76 = {
			isa = PBXGroup;
			children = (
				03C17F992614D7550012FF76 /* ArticleStocks */,
				03C17FB02614D7590012FF76 /* ArticleStocksTests */,
				03C17FBB2614D75A0012FF76 /* ArticleStocksUITests */,
				03C17F982614D7550012FF76 /* Products */,
			);
			sourceTree = "<group>";
		};
		03C17F982614D7550012FF76 /* Products */ = {
			isa = PBXGroup;
			children = (
				03C17F972614D7550012FF76 /* ArticleStocks.app */,
				03C17FAD2614D7590012FF76 /* ArticleStocksTests.xctest */,
				03C17FB82614D75A0012FF76 /* ArticleStocksUITests.xctest */,
			);
			name = Products;
			sourceTree = "<group>";
		};
		03C17F992614D7550012FF76 /* ArticleStocks */ = {
			isa = PBXGroup;
			children = (
				03C17F9A2614D7550012FF76 /* ArticleStocksApp.swift */,
				03C17F9C2614D7550012FF76 /* ContentView.swift */,
				03C17F9E2614D7590012FF76 /* Assets.xcassets */,
				03C17FA32614D7590012FF76 /* Persistence.swift */,
				03C17FA82614D7590012FF76 /* Info.plist */,
				03C17FA52614D7590012FF76 /* ArticleStocks.xcdatamodeld */,
				03C17FA02614D7590012FF76 /* Preview Content */,
			);
			path = ArticleStocks;
			sourceTree = "<group>";
		};
		03C17FA02614D7590012FF76 /* Preview Content */ = {
			isa = PBXGroup;
			children = (
				03C17FA12614D7590012FF76 /* Preview Assets.xcassets */,
			);
			path = "Preview Content";
			sourceTree = "<group>";
		};
		03C17FB02614D7590012FF76 /* ArticleStocksTests */ = {
			isa = PBXGroup;
			children = (
				03C17FB12614D7590012FF76 /* ArticleStocksTests.swift */,
				03C17FB32614D7590012FF76 /* Info.plist */,
			);
			path = ArticleStocksTests;
			sourceTree = "<group>";
		};
		03C17FBB2614D75A0012FF76 /* ArticleStocksUITests */ = {
			isa = PBXGroup;
			children = (
				03C17FBC2614D75A0012FF76 /* ArticleStocksUITests.swift */,
				03C17FBE2614D75A0012FF76 /* Info.plist */,
			);
			path = ArticleStocksUITests;
			sourceTree = "<group>";
		};
/* End PBXGroup section */

/* Begin PBXNativeTarget section */
		03C17F962614D7550012FF76 /* ArticleStocks */ = {
			isa = PBXNativeTarget;
			buildConfigurationList = 03C17FC12614D75A0012FF76 /* Build configuration list for PBXNativeTarget "ArticleStocks" */;
			buildPhases = (
				03C17F932614D7550012FF76 /* Sources */,
				03C17F942614D7550012FF76 /* Frameworks */,
				03C17F952614D7550012FF76 /* Resources */,
			);
			buildRules = (
			);
			dependencies = (
			);
			name = ArticleStocks;
			productName = ArticleStocks;
			productReference = 03C17F972614D7550012FF76 /* ArticleStocks.app */;
			productType = "com.apple.product-type.application";
		};
		03C17FAC2614D7590012FF76 /* ArticleStocksTests */ = {
			isa = PBXNativeTarget;
			buildConfigurationList = 03C17FC42614D75A0012FF76 /* Build configuration list for PBXNativeTarget "ArticleStocksTests" */;
			buildPhases = (
				03C17FA92614D7590012FF76 /* Sources */,
				03C17FAA2614D7590012FF76 /* Frameworks */,
				03C17FAB2614D7590012FF76 /* Resources */,
			);
			buildRules = (
			);
			dependencies = (
				03C17FAF2614D7590012FF76 /* PBXTargetDependency */,
			);
			name = ArticleStocksTests;
			productName = ArticleStocksTests;
			productReference = 03C17FAD2614D7590012FF76 /* ArticleStocksTests.xctest */;
			productType = "com.apple.product-type.bundle.unit-test";
		};
		03C17FB72614D75A0012FF76 /* ArticleStocksUITests */ = {
			isa = PBXNativeTarget;
			buildConfigurationList = 03C17FC72614D75A0012FF76 /* Build configuration list for PBXNativeTarget "ArticleStocksUITests" */;
			buildPhases = (
				03C17FB42614D75A0012FF76 /* Sources */,
				03C17FB52614D75A0012FF76 /* Frameworks */,
				03C17FB62614D75A0012FF76 /* Resources */,
			);
			buildRules = (
			);
			dependencies = (
				03C17FBA2614D75A0012FF76 /* PBXTargetDependency */,
			);
			name = ArticleStocksUITests;
			productName = ArticleStocksUITests;
			productReference = 03C17FB82614D75A0012FF76 /* ArticleStocksUITests.xctest */;
			productType = "com.apple.product-type.bundle.ui-testing";
		};
/* End PBXNativeTarget section */

/* Begin PBXProject section */
		03C17F8F2614D7550012FF76 /* Project object */ = {
			isa = PBXProject;
			attributes = {
				LastSwiftUpdateCheck = 1220;
				LastUpgradeCheck = 1220;
				TargetAttributes = {
					03C17F962614D7550012FF76 = {
						CreatedOnToolsVersion = 12.2;
					};
					03C17FAC2614D7590012FF76 = {
						CreatedOnToolsVersion = 12.2;
						TestTargetID = 03C17F962614D7550012FF76;
					};
					03C17FB72614D75A0012FF76 = {
						CreatedOnToolsVersion = 12.2;
						TestTargetID = 03C17F962614D7550012FF76;
					};
				};
			};
			buildConfigurationList = 03C17F922614D7550012FF76 /* Build configuration list for PBXProject "ArticleStocks" */;
			compatibilityVersion = "Xcode 9.3";
			developmentRegion = en;
			hasScannedForEncodings = 0;
			knownRegions = (
				en,
				Base,
			);
			mainGroup = 03C17F8E2614D7550012FF76;
			productRefGroup = 03C17F982614D7550012FF76 /* Products */;
			projectDirPath = "";
			projectRoot = "";
			targets = (
				03C17F962614D7550012FF76 /* ArticleStocks */,
				03C17FAC2614D7590012FF76 /* ArticleStocksTests */,
				03C17FB72614D75A0012FF76 /* ArticleStocksUITests */,
			);
		};
/* End PBXProject section */

/* Begin PBXResourcesBuildPhase section */
		03C17F952614D7550012FF76 /* Resources */ = {
			isa = PBXResourcesBuildPhase;
			buildActionMask = 2147483647;
			files = (
				03C17FA22614D7590012FF76 /* Preview Assets.xcassets in Resources */,
				03C17F9F2614D7590012FF76 /* Assets.xcassets in Resources */,
			);
			runOnlyForDeploymentPostprocessing = 0;
		};
		03C17FAB2614D7590012FF76 /* Resources */ = {
			isa = PBXResourcesBuildPhase;
			buildActionMask = 2147483647;
			files = (
			);
			runOnlyForDeploymentPostprocessing = 0;
		};
		03C17FB62614D75A0012FF76 /* Resources */ = {
			isa = PBXResourcesBuildPhase;
			buildActionMask = 2147483647;
			files = (
			);
			runOnlyForDeploymentPostprocessing = 0;
		};
/* End PBXResourcesBuildPhase section */

/* Begin PBXSourcesBuildPhase section */
		03C17F932614D7550012FF76 /* Sources */ = {
			isa = PBXSourcesBuildPhase;
			buildActionMask = 2147483647;
			files = (
				03C17FA42614D7590012FF76 /* Persistence.swift in Sources */,
				03C17FA72614D7590012FF76 /* ArticleStocks.xcdatamodeld in Sources */,
				03C17F9D2614D7550012FF76 /* ContentView.swift in Sources */,
				03C17F9B2614D7550012FF76 /* ArticleStocksApp.swift in Sources */,
			);
			runOnlyForDeploymentPostprocessing = 0;
		};
		03C17FA92614D7590012FF76 /* Sources */ = {
			isa = PBXSourcesBuildPhase;
			buildActionMask = 2147483647;
			files = (
				03C17FB22614D7590012FF76 /* ArticleStocksTests.swift in Sources */,
			);
			runOnlyForDeploymentPostprocessing = 0;
		};
		03C17FB42614D75A0012FF76 /* Sources */ = {
			isa = PBXSourcesBuildPhase;
			buildActionMask = 2147483647;
			files = (
				03C17FBD2614D75A0012FF76 /* ArticleStocksUITests.swift in Sources */,
			);
			runOnlyForDeploymentPostprocessing = 0;
		};
/* End PBXSourcesBuildPhase section */

/* Begin PBXTargetDependency section */
		03C17FAF2614D7590012FF76 /* PBXTargetDependency */ = {
			isa = PBXTargetDependency;
			target = 03C17F962614D7550012FF76 /* ArticleStocks */;
			targetProxy = 03C17FAE2614D7590012FF76 /* PBXContainerItemProxy */;
		};
		03C17FBA2614D75A0012FF76 /* PBXTargetDependency */ = {
			isa = PBXTargetDependency;
			target = 03C17F962614D7550012FF76 /* ArticleStocks */;
			targetProxy = 03C17FB92614D75A0012FF76 /* PBXContainerItemProxy */;
		};
/* End PBXTargetDependency section */

/* Begin XCBuildConfiguration section */
		03C17FBF2614D75A0012FF76 /* Debug */ = {
			isa = XCBuildConfiguration;
			buildSettings = {
				ALWAYS_SEARCH_USER_PATHS = NO;
				CLANG_ANALYZER_NONNULL = YES;
				CLANG_ANALYZER_NUMBER_OBJECT_CONVERSION = YES_AGGRESSIVE;
				CLANG_CXX_LANGUAGE_STANDARD = "gnu++14";
				CLANG_CXX_LIBRARY = "libc++";
				CLANG_ENABLE_MODULES = YES;
				CLANG_ENABLE_OBJC_ARC = YES;
				CLANG_ENABLE_OBJC_WEAK = YES;
				CLANG_WARN_BLOCK_CAPTURE_AUTORELEASING = YES;
				CLANG_WARN_BOOL_CONVERSION = YES;
				CLANG_WARN_COMMA = YES;
				CLANG_WARN_CONSTANT_CONVERSION = YES;
				CLANG_WARN_DEPRECATED_OBJC_IMPLEMENTATIONS = YES;
				CLANG_WARN_DIRECT_OBJC_ISA_USAGE = YES_ERROR;
				CLANG_WARN_DOCUMENTATION_COMMENTS = YES;
				CLANG_WARN_EMPTY_BODY = YES;
				CLANG_WARN_ENUM_CONVERSION = YES;
				CLANG_WARN_INFINITE_RECURSION = YES;
				CLANG_WARN_INT_CONVERSION = YES;
				CLANG_WARN_NON_LITERAL_NULL_CONVERSION = YES;
				CLANG_WARN_OBJC_IMPLICIT_RETAIN_SELF = YES;
				CLANG_WARN_OBJC_LITERAL_CONVERSION = YES;
				CLANG_WARN_OBJC_ROOT_CLASS = YES_ERROR;
				CLANG_WARN_QUOTED_INCLUDE_IN_FRAMEWORK_HEADER = YES;
				CLANG_WARN_RANGE_LOOP_ANALYSIS = YES;
				CLANG_WARN_STRICT_PROTOTYPES = YES;
				CLANG_WARN_SUSPICIOUS_MOVE = YES;
				CLANG_WARN_UNGUARDED_AVAILABILITY = YES_AGGRESSIVE;
				CLANG_WARN_UNREACHABLE_CODE = YES;
				CLANG_WARN__DUPLICATE_METHOD_MATCH = YES;
				COPY_PHASE_STRIP = NO;
				DEBUG_INFORMATION_FORMAT = dwarf;
				ENABLE_STRICT_OBJC_MSGSEND = YES;
				ENABLE_TESTABILITY = YES;
				GCC_C_LANGUAGE_STANDARD = gnu11;
				GCC_DYNAMIC_NO_PIC = NO;
				GCC_NO_COMMON_BLOCKS = YES;
				GCC_OPTIMIZATION_LEVEL = 0;
				GCC_PREPROCESSOR_DEFINITIONS = (
					"DEBUG=1",
					"$(inherited)",
				);
				GCC_WARN_64_TO_32_BIT_CONVERSION = YES;
				GCC_WARN_ABOUT_RETURN_TYPE = YES_ERROR;
				GCC_WARN_UNDECLARED_SELECTOR = YES;
				GCC_WARN_UNINITIALIZED_AUTOS = YES_AGGRESSIVE;
				GCC_WARN_UNUSED_FUNCTION = YES;
				GCC_WARN_UNUSED_VARIABLE = YES;
				IPHONEOS_DEPLOYMENT_TARGET = 14.2;
				MTL_ENABLE_DEBUG_INFO = INCLUDE_SOURCE;
				MTL_FAST_MATH = YES;
				ONLY_ACTIVE_ARCH = YES;
				SDKROOT = iphoneos;
				SWIFT_ACTIVE_COMPILATION_CONDITIONS = DEBUG;
				SWIFT_OPTIMIZATION_LEVEL = "-Onone";
			};
			name = Debug;
		};
		03C17FC02614D75A0012FF76 /* Release */ = {
			isa = XCBuildConfiguration;
			buildSettings = {
				ALWAYS_SEARCH_USER_PATHS = NO;
				CLANG_ANALYZER_NONNULL = YES;
				CLANG_ANALYZER_NUMBER_OBJECT_CONVERSION = YES_AGGRESSIVE;
				CLANG_CXX_LANGUAGE_STANDARD = "gnu++14";
				CLANG_CXX_LIBRARY = "libc++";
				CLANG_ENABLE_MODULES = YES;
				CLANG_ENABLE_OBJC_ARC = YES;
				CLANG_ENABLE_OBJC_WEAK = YES;
				CLANG_WARN_BLOCK_CAPTURE_AUTORELEASING = YES;
				CLANG_WARN_BOOL_CONVERSION = YES;
				CLANG_WARN_COMMA = YES;
				CLANG_WARN_CONSTANT_CONVERSION = YES;
				CLANG_WARN_DEPRECATED_OBJC_IMPLEMENTATIONS = YES;
				CLANG_WARN_DIRECT_OBJC_ISA_USAGE = YES_ERROR;
				CLANG_WARN_DOCUMENTATION_COMMENTS = YES;
				CLANG_WARN_EMPTY_BODY = YES;
				CLANG_WARN_ENUM_CONVERSION = YES;
				CLANG_WARN_INFINITE_RECURSION = YES;
				CLANG_WARN_INT_CONVERSION = YES;
				CLANG_WARN_NON_LITERAL_NULL_CONVERSION = YES;
				CLANG_WARN_OBJC_IMPLICIT_RETAIN_SELF = YES;
				CLANG_WARN_OBJC_LITERAL_CONVERSION = YES;
				CLANG_WARN_OBJC_ROOT_CLASS = YES_ERROR;
				CLANG_WARN_QUOTED_INCLUDE_IN_FRAMEWORK_HEADER = YES;
				CLANG_WARN_RANGE_LOOP_ANALYSIS = YES;
				CLANG_WARN_STRICT_PROTOTYPES = YES;
				CLANG_WARN_SUSPICIOUS_MOVE = YES;
				CLANG_WARN_UNGUARDED_AVAILABILITY = YES_AGGRESSIVE;
				CLANG_WARN_UNREACHABLE_CODE = YES;
				CLANG_WARN__DUPLICATE_METHOD_MATCH = YES;
				COPY_PHASE_STRIP = NO;
				DEBUG_INFORMATION_FORMAT = "dwarf-with-dsym";
				ENABLE_NS_ASSERTIONS = NO;
				ENABLE_STRICT_OBJC_MSGSEND = YES;
				GCC_C_LANGUAGE_STANDARD = gnu11;
				GCC_NO_COMMON_BLOCKS = YES;
				GCC_WARN_64_TO_32_BIT_CONVERSION = YES;
				GCC_WARN_ABOUT_RETURN_TYPE = YES_ERROR;
				GCC_WARN_UNDECLARED_SELECTOR = YES;
				GCC_WARN_UNINITIALIZED_AUTOS = YES_AGGRESSIVE;
				GCC_WARN_UNUSED_FUNCTION = YES;
				GCC_WARN_UNUSED_VARIABLE = YES;
				IPHONEOS_DEPLOYMENT_TARGET = 14.2;
				MTL_ENABLE_DEBUG_INFO = NO;
				MTL_FAST_MATH = YES;
				SDKROOT = iphoneos;
				SWIFT_COMPILATION_MODE = wholemodule;
				SWIFT_OPTIMIZATION_LEVEL = "-O";
				VALIDATE_PRODUCT = YES;
			};
			name = Release;
		};
		03C17FC22614D75A0012FF76 /* Debug */ = {
			isa = XCBuildConfiguration;
			buildSettings = {
				ASSETCATALOG_COMPILER_APPICON_NAME = AppIcon;
				ASSETCATALOG_COMPILER_GLOBAL_ACCENT_COLOR_NAME = AccentColor;
				CODE_SIGN_STYLE = Automatic;
				DEVELOPMENT_ASSET_PATHS = "\"ArticleStocks/Preview Content\"";
				DEVELOPMENT_TEAM = PPLG2268AY;
				ENABLE_PREVIEWS = YES;
				INFOPLIST_FILE = ArticleStocks/Info.plist;
				IPHONEOS_DEPLOYMENT_TARGET = 14.0;
				LD_RUNPATH_SEARCH_PATHS = (
					"$(inherited)",
					"@executable_path/Frameworks",
				);
				PRODUCT_BUNDLE_IDENTIFIER = com.article.stock.ArticleStocks;
				PRODUCT_NAME = "$(TARGET_NAME)";
				SWIFT_VERSION = 5.0;
				TARGETED_DEVICE_FAMILY = "1,2";
			};
			name = Debug;
		};
		03C17FC32614D75A0012FF76 /* Release */ = {
			isa = XCBuildConfiguration;
			buildSettings = {
				ASSETCATALOG_COMPILER_APPICON_NAME = AppIcon;
				ASSETCATALOG_COMPILER_GLOBAL_ACCENT_COLOR_NAME = AccentColor;
				CODE_SIGN_STYLE = Automatic;
				DEVELOPMENT_ASSET_PATHS = "\"ArticleStocks/Preview Content\"";
				DEVELOPMENT_TEAM = PPLG2268AY;
				ENABLE_PREVIEWS = YES;
				INFOPLIST_FILE = ArticleStocks/Info.plist;
				IPHONEOS_DEPLOYMENT_TARGET = 14.0;
				LD_RUNPATH_SEARCH_PATHS = (
					"$(inherited)",
					"@executable_path/Frameworks",
				);
				PRODUCT_BUNDLE_IDENTIFIER = com.article.stock.ArticleStocks;
				PRODUCT_NAME = "$(TARGET_NAME)";
				SWIFT_VERSION = 5.0;
				TARGETED_DEVICE_FAMILY = "1,2";
			};
			name = Release;
		};
		03C17FC52614D75A0012FF76 /* Debug */ = {
			isa = XCBuildConfiguration;
			buildSettings = {
				ALWAYS_EMBED_SWIFT_STANDARD_LIBRARIES = YES;
				BUNDLE_LOADER = "$(TEST_HOST)";
				CODE_SIGN_STYLE = Automatic;
				DEVELOPMENT_TEAM = PPLG2268AY;
				INFOPLIST_FILE = ArticleStocksTests/Info.plist;
				IPHONEOS_DEPLOYMENT_TARGET = 14.0;
				LD_RUNPATH_SEARCH_PATHS = (
					"$(inherited)",
					"@executable_path/Frameworks",
					"@loader_path/Frameworks",
				);
				PRODUCT_BUNDLE_IDENTIFIER = com.article.stock.ArticleStocksTests;
				PRODUCT_NAME = "$(TARGET_NAME)";
				SWIFT_VERSION = 5.0;
				TARGETED_DEVICE_FAMILY = "1,2";
				TEST_HOST = "$(BUILT_PRODUCTS_DIR)/ArticleStocks.app/ArticleStocks";
			};
			name = Debug;
		};
		03C17FC62614D75A0012FF76 /* Release */ = {
			isa = XCBuildConfiguration;
			buildSettings = {
				ALWAYS_EMBED_SWIFT_STANDARD_LIBRARIES = YES;
				BUNDLE_LOADER = "$(TEST_HOST)";
				CODE_SIGN_STYLE = Automatic;
				DEVELOPMENT_TEAM = PPLG2268AY;
				INFOPLIST_FILE = ArticleStocksTests/Info.plist;
				IPHONEOS_DEPLOYMENT_TARGET = 14.0;
				LD_RUNPATH_SEARCH_PATHS = (
					"$(inherited)",
					"@executable_path/Frameworks",
					"@loader_path/Frameworks",
				);
				PRODUCT_BUNDLE_IDENTIFIER = com.article.stock.ArticleStocksTests;
				PRODUCT_NAME = "$(TARGET_NAME)";
				SWIFT_VERSION = 5.0;
				TARGETED_DEVICE_FAMILY = "1,2";
				TEST_HOST = "$(BUILT_PRODUCTS_DIR)/ArticleStocks.app/ArticleStocks";
			};
			name = Release;
		};
		03C17FC82614D75A0012FF76 /* Debug */ = {
			isa = XCBuildConfiguration;
			buildSettings = {
				ALWAYS_EMBED_SWIFT_STANDARD_LIBRARIES = YES;
				CODE_SIGN_STYLE = Automatic;
				DEVELOPMENT_TEAM = PPLG2268AY;
				INFOPLIST_FILE = ArticleStocksUITests/Info.plist;
				LD_RUNPATH_SEARCH_PATHS = (
					"$(inherited)",
					"@executable_path/Frameworks",
					"@loader_path/Frameworks",
				);
				PRODUCT_BUNDLE_IDENTIFIER = com.article.stock.ArticleStocksUITests;
				PRODUCT_NAME = "$(TARGET_NAME)";
				SWIFT_VERSION = 5.0;
				TARGETED_DEVICE_FAMILY = "1,2";
				TEST_TARGET_NAME = ArticleStocks;
			};
			name = Debug;
		};
		03C17FC92614D75A0012FF76 /* Release */ = {
			isa = XCBuildConfiguration;
			buildSettings = {
				ALWAYS_EMBED_SWIFT_STANDARD_LIBRARIES = YES;
				CODE_SIGN_STYLE = Automatic;
				DEVELOPMENT_TEAM = PPLG2268AY;
				INFOPLIST_FILE = ArticleStocksUITests/Info.plist;
				LD_RUNPATH_SEARCH_PATHS = (
					"$(inherited)",
					"@executable_path/Frameworks",
					"@loader_path/Frameworks",
				);
				PRODUCT_BUNDLE_IDENTIFIER = com.article.stock.ArticleStocksUITests;
				PRODUCT_NAME = "$(TARGET_NAME)";
				SWIFT_VERSION = 5.0;
				TARGETED_DEVICE_FAMILY = "1,2";
				TEST_TARGET_NAME = ArticleStocks;
			};
			name = Release;
		};
/* End XCBuildConfiguration section */

/* Begin XCConfigurationList section */
		03C17F922614D7550012FF76 /* Build configuration list for PBXProject "ArticleStocks" */ = {
			isa = XCConfigurationList;
			buildConfigurations = (
				03C17FBF2614D75A0012FF76 /* Debug */,
				03C17FC02614D75A0012FF76 /* Release */,
			);
			defaultConfigurationIsVisible = 0;
			defaultConfigurationName = Release;
		};
		03C17FC12614D75A0012FF76 /* Build configuration list for PBXNativeTarget "ArticleStocks" */ = {
			isa = XCConfigurationList;
			buildConfigurations = (
				03C17FC22614D75A0012FF76 /* Debug */,
				03C17FC32614D75A0012FF76 /* Release */,
			);
			defaultConfigurationIsVisible = 0;
			defaultConfigurationName = Release;
		};
		03C17FC42614D75A0012FF76 /* Build configuration list for PBXNativeTarget "ArticleStocksTests" */ = {
			isa = XCConfigurationList;
			buildConfigurations = (
				03C17FC52614D75A0012FF76 /* Debug */,
				03C17FC62614D75A0012FF76 /* Release */,
			);
			defaultConfigurationIsVisible = 0;
			defaultConfigurationName = Release;
		};
		03C17FC72614D75A0012FF76 /* Build configuration list for PBXNativeTarget "ArticleStocksUITests" */ = {
			isa = XCConfigurationList;
			buildConfigurations = (
				03C17FC82614D75A0012FF76 /* Debug */,
				03C17FC92614D75A0012FF76 /* Release */,
			);
			defaultConfigurationIsVisible = 0;
			defaultConfigurationName = Release;
		};
/* End XCConfigurationList section */

/* Begin XCVersionGroup section */
		03C17FA52614D7590012FF76 /* ArticleStocks.xcdatamodeld */ = {
			isa = XCVersionGroup;
			children = (
				03C17FA62614D7590012FF76 /* ArticleStocks.xcdatamodel */,
			);
			currentVersion = 03C17FA62614D7590012FF76 /* ArticleStocks.xcdatamodel */;
			path = ArticleStocks.xcdatamodeld;
			sourceTree = "<group>";
			versionGroupType = wrapper.xcdatamodel;
		};
/* End XCVersionGroup section */
	};
	rootObject = 03C17F8F2614D7550012FF76 /* Project object */;
}
